// !$*UTF8*$!
{
	archiveVersion = 1;
	classes = {
	};
	objectVersion = 46;
	objects = {

/* Begin PBXBuildFile section */
		E7A752661DE263BE008C5BD2 /* AppDelegate.swift in Sources */ = {isa = PBXBuildFile; fileRef = E7A752651DE263BE008C5BD2 /* AppDelegate.swift */; };
		E7A752681DE263BE008C5BD2 /* ViewController.swift in Sources */ = {isa = PBXBuildFile; fileRef = E7A752671DE263BE008C5BD2 /* ViewController.swift */; };
		E7A7526B1DE263BE008C5BD2 /* Main.storyboard in Resources */ = {isa = PBXBuildFile; fileRef = E7A752691DE263BE008C5BD2 /* Main.storyboard */; };
		E7A7526D1DE263BE008C5BD2 /* Assets.xcassets in Resources */ = {isa = PBXBuildFile; fileRef = E7A7526C1DE263BE008C5BD2 /* Assets.xcassets */; };
		E7A752701DE263BE008C5BD2 /* LaunchScreen.storyboard in Resources */ = {isa = PBXBuildFile; fileRef = E7A7526E1DE263BE008C5BD2 /* LaunchScreen.storyboard */; };
		E7A7527B1DE263BE008C5BD2 /* stainedGlassTests.swift in Sources */ = {isa = PBXBuildFile; fileRef = E7A7527A1DE263BE008C5BD2 /* stainedGlassTests.swift */; };
		E7A752861DE263BE008C5BD2 /* stainedGlassUITests.swift in Sources */ = {isa = PBXBuildFile; fileRef = E7A752851DE263BE008C5BD2 /* stainedGlassUITests.swift */; };
/* End PBXBuildFile section */

/* Begin PBXContainerItemProxy section */
		E7A752771DE263BE008C5BD2 /* PBXContainerItemProxy */ = {
			isa = PBXContainerItemProxy;
			containerPortal = E7A7525A1DE263BE008C5BD2 /* Project object */;
			proxyType = 1;
			remoteGlobalIDString = E7A752611DE263BE008C5BD2;
			remoteInfo = stainedGlass;
		};
		E7A752821DE263BE008C5BD2 /* PBXContainerItemProxy */ = {
			isa = PBXContainerItemProxy;
			containerPortal = E7A7525A1DE263BE008C5BD2 /* Project object */;
			proxyType = 1;
			remoteGlobalIDString = E7A752611DE263BE008C5BD2;
			remoteInfo = stainedGlass;
		};
/* End PBXContainerItemProxy section */

/* Begin PBXFileReference section */
		E7A752621DE263BE008C5BD2 /* stainedGlass.app */ = {isa = PBXFileReference; explicitFileType = wrapper.application; includeInIndex = 0; path = stainedGlass.app; sourceTree = BUILT_PRODUCTS_DIR; };
		E7A752651DE263BE008C5BD2 /* AppDelegate.swift */ = {isa = PBXFileReference; lastKnownFileType = sourcecode.swift; path = AppDelegate.swift; sourceTree = "<group>"; };
		E7A752671DE263BE008C5BD2 /* ViewController.swift */ = {isa = PBXFileReference; lastKnownFileType = sourcecode.swift; path = ViewController.swift; sourceTree = "<group>"; };
		E7A7526A1DE263BE008C5BD2 /* Base */ = {isa = PBXFileReference; lastKnownFileType = file.storyboard; name = Base; path = Base.lproj/Main.storyboard; sourceTree = "<group>"; };
		E7A7526C1DE263BE008C5BD2 /* Assets.xcassets */ = {isa = PBXFileReference; lastKnownFileType = folder.assetcatalog; path = Assets.xcassets; sourceTree = "<group>"; };
		E7A7526F1DE263BE008C5BD2 /* Base */ = {isa = PBXFileReference; lastKnownFileType = file.storyboard; name = Base; path = Base.lproj/LaunchScreen.storyboard; sourceTree = "<group>"; };
		E7A752711DE263BE008C5BD2 /* Info.plist */ = {isa = PBXFileReference; lastKnownFileType = text.plist.xml; path = Info.plist; sourceTree = "<group>"; };
		E7A752761DE263BE008C5BD2 /* stainedGlassTests.xctest */ = {isa = PBXFileReference; explicitFileType = wrapper.cfbundle; includeInIndex = 0; path = stainedGlassTests.xctest; sourceTree = BUILT_PRODUCTS_DIR; };
		E7A7527A1DE263BE008C5BD2 /* stainedGlassTests.swift */ = {isa = PBXFileReference; lastKnownFileType = sourcecode.swift; path = stainedGlassTests.swift; sourceTree = "<group>"; };
		E7A7527C1DE263BE008C5BD2 /* Info.plist */ = {isa = PBXFileReference; lastKnownFileType = text.plist.xml; path = Info.plist; sourceTree = "<group>"; };
		E7A752811DE263BE008C5BD2 /* stainedGlassUITests.xctest */ = {isa = PBXFileReference; explicitFileType = wrapper.cfbundle; includeInIndex = 0; path = stainedGlassUITests.xctest; sourceTree = BUILT_PRODUCTS_DIR; };
		E7A752851DE263BE008C5BD2 /* stainedGlassUITests.swift */ = {isa = PBXFileReference; lastKnownFileType = sourcecode.swift; path = stainedGlassUITests.swift; sourceTree = "<group>"; };
		E7A752871DE263BE008C5BD2 /* Info.plist */ = {isa = PBXFileReference; lastKnownFileType = text.plist.xml; path = Info.plist; sourceTree = "<group>"; };
/* End PBXFileReference section */

/* Begin PBXFrameworksBuildPhase section */
		E7A7525F1DE263BE008C5BD2 /* Frameworks */ = {
			isa = PBXFrameworksBuildPhase;
			buildActionMask = 2147483647;
			files = (
			);
			runOnlyForDeploymentPostprocessing = 0;
		};
		E7A752731DE263BE008C5BD2 /* Frameworks */ = {
			isa = PBXFrameworksBuildPhase;
			buildActionMask = 2147483647;
			files = (
			);
			runOnlyForDeploymentPostprocessing = 0;
		};
		E7A7527E1DE263BE008C5BD2 /* Frameworks */ = {
			isa = PBXFrameworksBuildPhase;
			buildActionMask = 2147483647;
			files = (
			);
			runOnlyForDeploymentPostprocessing = 0;
		};
/* End PBXFrameworksBuildPhase section */

/* Begin PBXGroup section */
		E7A752591DE263BE008C5BD2 = {
			isa = PBXGroup;
			children = (
				E7A752641DE263BE008C5BD2 /* stainedGlass */,
				E7A752791DE263BE008C5BD2 /* stainedGlassTests */,
				E7A752841DE263BE008C5BD2 /* stainedGlassUITests */,
				E7A752631DE263BE008C5BD2 /* Products */,
			);
			sourceTree = "<group>";
		};
		E7A752631DE263BE008C5BD2 /* Products */ = {
			isa = PBXGroup;
			children = (
				E7A752621DE263BE008C5BD2 /* stainedGlass.app */,
				E7A752761DE263BE008C5BD2 /* stainedGlassTests.xctest */,
				E7A752811DE263BE008C5BD2 /* stainedGlassUITests.xctest */,
			);
			name = Products;
			sourceTree = "<group>";
		};
		E7A752641DE263BE008C5BD2 /* stainedGlass */ = {
			isa = PBXGroup;
			children = (
				E7A752651DE263BE008C5BD2 /* AppDelegate.swift */,
				E7A752671DE263BE008C5BD2 /* ViewController.swift */,
				E7A752691DE263BE008C5BD2 /* Main.storyboard */,
				E7A7526C1DE263BE008C5BD2 /* Assets.xcassets */,
				E7A7526E1DE263BE008C5BD2 /* LaunchScreen.storyboard */,
				E7A752711DE263BE008C5BD2 /* Info.plist */,
			);
			path = stainedGlass;
			sourceTree = "<group>";
		};
		E7A752791DE263BE008C5BD2 /* stainedGlassTests */ = {
			isa = PBXGroup;
			children = (
				E7A7527A1DE263BE008C5BD2 /* stainedGlassTests.swift */,
				E7A7527C1DE263BE008C5BD2 /* Info.plist */,
			);
			path = stainedGlassTests;
			sourceTree = "<group>";
		};
		E7A752841DE263BE008C5BD2 /* stainedGlassUITests */ = {
			isa = PBXGroup;
			children = (
				E7A752851DE263BE008C5BD2 /* stainedGlassUITests.swift */,
				E7A752871DE263BE008C5BD2 /* Info.plist */,
			);
			path = stainedGlassUITests;
			sourceTree = "<group>";
		};
/* End PBXGroup section */

/* Begin PBXNativeTarget section */
		E7A752611DE263BE008C5BD2 /* stainedGlass */ = {
			isa = PBXNativeTarget;
			buildConfigurationList = E7A7528A1DE263BE008C5BD2 /* Build configuration list for PBXNativeTarget "stainedGlass" */;
			buildPhases = (
				E7A7525E1DE263BE008C5BD2 /* Sources */,
				E7A7525F1DE263BE008C5BD2 /* Frameworks */,
				E7A752601DE263BE008C5BD2 /* Resources */,
			);
			buildRules = (
			);
			dependencies = (
			);
			name = stainedGlass;
			productName = stainedGlass;
			productReference = E7A752621DE263BE008C5BD2 /* stainedGlass.app */;
			productType = "com.apple.product-type.application";
		};
		E7A752751DE263BE008C5BD2 /* stainedGlassTests */ = {
			isa = PBXNativeTarget;
			buildConfigurationList = E7A7528D1DE263BE008C5BD2 /* Build configuration list for PBXNativeTarget "stainedGlassTests" */;
			buildPhases = (
				E7A752721DE263BE008C5BD2 /* Sources */,
				E7A752731DE263BE008C5BD2 /* Frameworks */,
				E7A752741DE263BE008C5BD2 /* Resources */,
			);
			buildRules = (
			);
			dependencies = (
				E7A752781DE263BE008C5BD2 /* PBXTargetDependency */,
			);
			name = stainedGlassTests;
			productName = stainedGlassTests;
			productReference = E7A752761DE263BE008C5BD2 /* stainedGlassTests.xctest */;
			productType = "com.apple.product-type.bundle.unit-test";
		};
		E7A752801DE263BE008C5BD2 /* stainedGlassUITests */ = {
			isa = PBXNativeTarget;
			buildConfigurationList = E7A752901DE263BE008C5BD2 /* Build configuration list for PBXNativeTarget "stainedGlassUITests" */;
			buildPhases = (
				E7A7527D1DE263BE008C5BD2 /* Sources */,
				E7A7527E1DE263BE008C5BD2 /* Frameworks */,
				E7A7527F1DE263BE008C5BD2 /* Resources */,
			);
			buildRules = (
			);
			dependencies = (
				E7A752831DE263BE008C5BD2 /* PBXTargetDependency */,
			);
			name = stainedGlassUITests;
			productName = stainedGlassUITests;
			productReference = E7A752811DE263BE008C5BD2 /* stainedGlassUITests.xctest */;
			productType = "com.apple.product-type.bundle.ui-testing";
		};
/* End PBXNativeTarget section */

/* Begin PBXProject section */
		E7A7525A1DE263BE008C5BD2 /* Project object */ = {
			isa = PBXProject;
			attributes = {
				LastSwiftUpdateCheck = 0810;
				LastUpgradeCheck = 0810;
				ORGANIZATIONNAME = "Rachel Yen";
				TargetAttributes = {
					E7A752611DE263BE008C5BD2 = {
						CreatedOnToolsVersion = 8.1;
						DevelopmentTeam = LV5958EQE4;
						ProvisioningStyle = Automatic;
					};
					E7A752751DE263BE008C5BD2 = {
						CreatedOnToolsVersion = 8.1;
						DevelopmentTeam = LV5958EQE4;
						ProvisioningStyle = Automatic;
						TestTargetID = E7A752611DE263BE008C5BD2;
					};
					E7A752801DE263BE008C5BD2 = {
						CreatedOnToolsVersion = 8.1;
						DevelopmentTeam = LV5958EQE4;
						ProvisioningStyle = Automatic;
						TestTargetID = E7A752611DE263BE008C5BD2;
					};
				};
			};
			buildConfigurationList = E7A7525D1DE263BE008C5BD2 /* Build configuration list for PBXProject "stainedGlass" */;
			compatibilityVersion = "Xcode 3.2";
			developmentRegion = English;
			hasScannedForEncodings = 0;
			knownRegions = (
				en,
				Base,
			);
			mainGroup = E7A752591DE263BE008C5BD2;
			productRefGroup = E7A752631DE263BE008C5BD2 /* Products */;
			projectDirPath = "";
			projectRoot = "";
			targets = (
				E7A752611DE263BE008C5BD2 /* stainedGlass */,
				E7A752751DE263BE008C5BD2 /* stainedGlassTests */,
				E7A752801DE263BE008C5BD2 /* stainedGlassUITests */,
			);
		};
/* End PBXProject section */

/* Begin PBXResourcesBuildPhase section */
		E7A752601DE263BE008C5BD2 /* Resources */ = {
			isa = PBXResourcesBuildPhase;
			buildActionMask = 2147483647;
			files = (
				E7A752701DE263BE008C5BD2 /* LaunchScreen.storyboard in Resources */,
				E7A7526D1DE263BE008C5BD2 /* Assets.xcassets in Resources */,
				E7A7526B1DE263BE008C5BD2 /* Main.storyboard in Resources */,
			);
			runOnlyForDeploymentPostprocessing = 0;
		};
		E7A752741DE263BE008C5BD2 /* Resources */ = {
			isa = PBXResourcesBuildPhase;
			buildActionMask = 2147483647;
			files = (
			);
			runOnlyForDeploymentPostprocessing = 0;
		};
		E7A7527F1DE263BE008C5BD2 /* Resources */ = {
			isa = PBXResourcesBuildPhase;
			buildActionMask = 2147483647;
			files = (
			);
			runOnlyForDeploymentPostprocessing = 0;
		};
/* End PBXResourcesBuildPhase section */

/* Begin PBXSourcesBuildPhase section */
		E7A7525E1DE263BE008C5BD2 /* Sources */ = {
			isa = PBXSourcesBuildPhase;
			buildActionMask = 2147483647;
			files = (
				E7A752681DE263BE008C5BD2 /* ViewController.swift in Sources */,
				E7A752661DE263BE008C5BD2 /* AppDelegate.swift in Sources */,
			);
			runOnlyForDeploymentPostprocessing = 0;
		};
		E7A752721DE263BE008C5BD2 /* Sources */ = {
			isa = PBXSourcesBuildPhase;
			buildActionMask = 2147483647;
			files = (
				E7A7527B1DE263BE008C5BD2 /* stainedGlassTests.swift in Sources */,
			);
			runOnlyForDeploymentPostprocessing = 0;
		};
		E7A7527D1DE263BE008C5BD2 /* Sources */ = {
			isa = PBXSourcesBuildPhase;
			buildActionMask = 2147483647;
			files = (
				E7A752861DE263BE008C5BD2 /* stainedGlassUITests.swift in Sources */,
			);
			runOnlyForDeploymentPostprocessing = 0;
		};
/* End PBXSourcesBuildPhase section */

/* Begin PBXTargetDependency section */
		E7A752781DE263BE008C5BD2 /* PBXTargetDependency */ = {
			isa = PBXTargetDependency;
			target = E7A752611DE263BE008C5BD2 /* stainedGlass */;
			targetProxy = E7A752771DE263BE008C5BD2 /* PBXContainerItemProxy */;
		};
		E7A752831DE263BE008C5BD2 /* PBXTargetDependency */ = {
			isa = PBXTargetDependency;
			target = E7A752611DE263BE008C5BD2 /* stainedGlass */;
			targetProxy = E7A752821DE263BE008C5BD2 /* PBXContainerItemProxy */;
		};
/* End PBXTargetDependency section */

/* Begin PBXVariantGroup section */
		E7A752691DE263BE008C5BD2 /* Main.storyboard */ = {
			isa = PBXVariantGroup;
			children = (
				E7A7526A1DE263BE008C5BD2 /* Base */,
			);
			name = Main.storyboard;
			sourceTree = "<group>";
		};
		E7A7526E1DE263BE008C5BD2 /* LaunchScreen.storyboard */ = {
			isa = PBXVariantGroup;
			children = (
				E7A7526F1DE263BE008C5BD2 /* Base */,
			);
			name = LaunchScreen.storyboard;
			sourceTree = "<group>";
		};
/* End PBXVariantGroup section */

/* Begin XCBuildConfiguration section */
		E7A752881DE263BE008C5BD2 /* Debug */ = {
			isa = XCBuildConfiguration;
			buildSettings = {
				ALWAYS_SEARCH_USER_PATHS = NO;
				CLANG_ANALYZER_NONNULL = YES;
				CLANG_CXX_LANGUAGE_STANDARD = "gnu++0x";
				CLANG_CXX_LIBRARY = "libc++";
				CLANG_ENABLE_MODULES = YES;
				CLANG_ENABLE_OBJC_ARC = YES;
				CLANG_WARN_BOOL_CONVERSION = YES;
				CLANG_WARN_CONSTANT_CONVERSION = YES;
				CLANG_WARN_DIRECT_OBJC_ISA_USAGE = YES_ERROR;
				CLANG_WARN_DOCUMENTATION_COMMENTS = YES;
				CLANG_WARN_EMPTY_BODY = YES;
				CLANG_WARN_ENUM_CONVERSION = YES;
				CLANG_WARN_INFINITE_RECURSION = YES;
				CLANG_WARN_INT_CONVERSION = YES;
				CLANG_WARN_OBJC_ROOT_CLASS = YES_ERROR;
				CLANG_WARN_SUSPICIOUS_MOVES = YES;
				CLANG_WARN_UNREACHABLE_CODE = YES;
				CLANG_WARN__DUPLICATE_METHOD_MATCH = YES;
				"CODE_SIGN_IDENTITY[sdk=iphoneos*]" = "iPhone Developer";
				COPY_PHASE_STRIP = NO;
				DEBUG_INFORMATION_FORMAT = dwarf;
				ENABLE_STRICT_OBJC_MSGSEND = YES;
				ENABLE_TESTABILITY = YES;
				GCC_C_LANGUAGE_STANDARD = gnu99;
				GCC_DYNAMIC_NO_PIC = NO;
				GCC_NO_COMMON_BLOCKS = YES;
				GCC_OPTIMIZATION_LEVEL = 0;
				GCC_PREPROCESSOR_DEFINITIONS = (
					"DEBUG=1",
					"$(inherited)",
				);
				GCC_WARN_64_TO_32_BIT_CONVERSION = YES;
				GCC_WARN_ABOUT_RETURN_TYPE = YES_ERROR;
				GCC_WARN_UNDECLARED_SELECTOR = YES;
				GCC_WARN_UNINITIALIZED_AUTOS = YES_AGGRESSIVE;
				GCC_WARN_UNUSED_FUNCTION = YES;
				GCC_WARN_UNUSED_VARIABLE = YES;
				IPHONEOS_DEPLOYMENT_TARGET = 10.1;
				MTL_ENABLE_DEBUG_INFO = YES;
				ONLY_ACTIVE_ARCH = YES;
				SDKROOT = iphoneos;
				SWIFT_ACTIVE_COMPILATION_CONDITIONS = DEBUG;
				SWIFT_OPTIMIZATION_LEVEL = "-Onone";
				TARGETED_DEVICE_FAMILY = "1,2";
			};
			name = Debug;
		};
		E7A752891DE263BE008C5BD2 /* Release */ = {
			isa = XCBuildConfiguration;
			buildSettings = {
				ALWAYS_SEARCH_USER_PATHS = NO;
				CLANG_ANALYZER_NONNULL = YES;
				CLANG_CXX_LANGUAGE_STANDARD = "gnu++0x";
				CLANG_CXX_LIBRARY = "libc++";
				CLANG_ENABLE_MODULES = YES;
				CLANG_ENABLE_OBJC_ARC = YES;
				CLANG_WARN_BOOL_CONVERSION = YES;
				CLANG_WARN_CONSTANT_CONVERSION = YES;
				CLANG_WARN_DIRECT_OBJC_ISA_USAGE = YES_ERROR;
				CLANG_WARN_DOCUMENTATION_COMMENTS = YES;
				CLANG_WARN_EMPTY_BODY = YES;
				CLANG_WARN_ENUM_CONVERSION = YES;
				CLANG_WARN_INFINITE_RECURSION = YES;
				CLANG_WARN_INT_CONVERSION = YES;
				CLANG_WARN_OBJC_ROOT_CLASS = YES_ERROR;
				CLANG_WARN_SUSPICIOUS_MOVES = YES;
				CLANG_WARN_UNREACHABLE_CODE = YES;
				CLANG_WARN__DUPLICATE_METHOD_MATCH = YES;
				"CODE_SIGN_IDENTITY[sdk=iphoneos*]" = "iPhone Developer";
				COPY_PHASE_STRIP = NO;
				DEBUG_INFORMATION_FORMAT = "dwarf-with-dsym";
				ENABLE_NS_ASSERTIONS = NO;
				ENABLE_STRICT_OBJC_MSGSEND = YES;
				GCC_C_LANGUAGE_STANDARD = gnu99;
				GCC_NO_COMMON_BLOCKS = YES;
				GCC_WARN_64_TO_32_BIT_CONVERSION = YES;
				GCC_WARN_ABOUT_RETURN_TYPE = YES_ERROR;
				GCC_WARN_UNDECLARED_SELECTOR = YES;
				GCC_WARN_UNINITIALIZED_AUTOS = YES_AGGRESSIVE;
				GCC_WARN_UNUSED_FUNCTION = YES;
				GCC_WARN_UNUSED_VARIABLE = YES;
				IPHONEOS_DEPLOYMENT_TARGET = 10.1;
				MTL_ENABLE_DEBUG_INFO = NO;
				SDKROOT = iphoneos;
				SWIFT_OPTIMIZATION_LEVEL = "-Owholemodule";
				TARGETED_DEVICE_FAMILY = "1,2";
				VALIDATE_PRODUCT = YES;
			};
			name = Release;
		};
		E7A7528B1DE263BE008C5BD2 /* Debug */ = {
			isa = XCBuildConfiguration;
			buildSettings = {
				ASSETCATALOG_COMPILER_APPICON_NAME = AppIcon;
				DEVELOPMENT_TEAM = LV5958EQE4;
				INFOPLIST_FILE = stainedGlass/Info.plist;
				LD_RUNPATH_SEARCH_PATHS = "$(inherited) @executable_path/Frameworks";
				PRODUCT_BUNDLE_IDENTIFIER = ry88.stainedGlass;
				PRODUCT_NAME = "$(TARGET_NAME)";
				SWIFT_VERSION = 3.0;
			};
			name = Debug;
		};
		E7A7528C1DE263BE008C5BD2 /* Release */ = {
			isa = XCBuildConfiguration;
			buildSettings = {
				ASSETCATALOG_COMPILER_APPICON_NAME = AppIcon;
				DEVELOPMENT_TEAM = LV5958EQE4;
				INFOPLIST_FILE = stainedGlass/Info.plist;
				LD_RUNPATH_SEARCH_PATHS = "$(inherited) @executable_path/Frameworks";
				PRODUCT_BUNDLE_IDENTIFIER = ry88.stainedGlass;
				PRODUCT_NAME = "$(TARGET_NAME)";
				SWIFT_VERSION = 3.0;
			};
			name = Release;
		};
		E7A7528E1DE263BE008C5BD2 /* Debug */ = {
			isa = XCBuildConfiguration;
			buildSettings = {
				ALWAYS_EMBED_SWIFT_STANDARD_LIBRARIES = YES;
				BUNDLE_LOADER = "$(TEST_HOST)";
				DEVELOPMENT_TEAM = LV5958EQE4;
				INFOPLIST_FILE = stainedGlassTests/Info.plist;
				LD_RUNPATH_SEARCH_PATHS = "$(inherited) @executable_path/Frameworks @loader_path/Frameworks";
				PRODUCT_BUNDLE_IDENTIFIER = ry88.stainedGlassTests;
				PRODUCT_NAME = "$(TARGET_NAME)";
				SWIFT_VERSION = 3.0;
				TEST_HOST = "$(BUILT_PRODUCTS_DIR)/stainedGlass.app/stainedGlass";
			};
			name = Debug;
		};
		E7A7528F1DE263BE008C5BD2 /* Release */ = {
			isa = XCBuildConfiguration;
			buildSettings = {
				ALWAYS_EMBED_SWIFT_STANDARD_LIBRARIES = YES;
				BUNDLE_LOADER = "$(TEST_HOST)";
				DEVELOPMENT_TEAM = LV5958EQE4;
				INFOPLIST_FILE = stainedGlassTests/Info.plist;
				LD_RUNPATH_SEARCH_PATHS = "$(inherited) @executable_path/Frameworks @loader_path/Frameworks";
				PRODUCT_BUNDLE_IDENTIFIER = ry88.stainedGlassTests;
				PRODUCT_NAME = "$(TARGET_NAME)";
				SWIFT_VERSION = 3.0;
				TEST_HOST = "$(BUILT_PRODUCTS_DIR)/stainedGlass.app/stainedGlass";
			};
			name = Release;
		};
		E7A752911DE263BE008C5BD2 /* Debug */ = {
			isa = XCBuildConfiguration;
			buildSettings = {
				ALWAYS_EMBED_SWIFT_STANDARD_LIBRARIES = YES;
				DEVELOPMENT_TEAM = LV5958EQE4;
				INFOPLIST_FILE = stainedGlassUITests/Info.plist;
				LD_RUNPATH_SEARCH_PATHS = "$(inherited) @executable_path/Frameworks @loader_path/Frameworks";
				PRODUCT_BUNDLE_IDENTIFIER = ry88.stainedGlassUITests;
				PRODUCT_NAME = "$(TARGET_NAME)";
				SWIFT_VERSION = 3.0;
				TEST_TARGET_NAME = stainedGlass;
			};
			name = Debug;
		};
		E7A752921DE263BE008C5BD2 /* Release */ = {
			isa = XCBuildConfiguration;
			buildSettings = {
				ALWAYS_EMBED_SWIFT_STANDARD_LIBRARIES = YES;
				DEVELOPMENT_TEAM = LV5958EQE4;
				INFOPLIST_FILE = stainedGlassUITests/Info.plist;
				LD_RUNPATH_SEARCH_PATHS = "$(inherited) @executable_path/Frameworks @loader_path/Frameworks";
				PRODUCT_BUNDLE_IDENTIFIER = ry88.stainedGlassUITests;
				PRODUCT_NAME = "$(TARGET_NAME)";
				SWIFT_VERSION = 3.0;
				TEST_TARGET_NAME = stainedGlass;
			};
			name = Release;
		};
/* End XCBuildConfiguration section */

/* Begin XCConfigurationList section */
		E7A7525D1DE263BE008C5BD2 /* Build configuration list for PBXProject "stainedGlass" */ = {
			isa = XCConfigurationList;
			buildConfigurations = (
				E7A752881DE263BE008C5BD2 /* Debug */,
				E7A752891DE263BE008C5BD2 /* Release */,
			);
			defaultConfigurationIsVisible = 0;
			defaultConfigurationName = Release;
		};
		E7A7528A1DE263BE008C5BD2 /* Build configuration list for PBXNativeTarget "stainedGlass" */ = {
			isa = XCConfigurationList;
			buildConfigurations = (
				E7A7528B1DE263BE008C5BD2 /* Debug */,
				E7A7528C1DE263BE008C5BD2 /* Release */,
			);
			defaultConfigurationIsVisible = 0;
		};
		E7A7528D1DE263BE008C5BD2 /* Build configuration list for PBXNativeTarget "stainedGlassTests" */ = {
			isa = XCConfigurationList;
			buildConfigurations = (
				E7A7528E1DE263BE008C5BD2 /* Debug */,
				E7A7528F1DE263BE008C5BD2 /* Release */,
			);
			defaultConfigurationIsVisible = 0;
		};
		E7A752901DE263BE008C5BD2 /* Build configuration list for PBXNativeTarget "stainedGlassUITests" */ = {
			isa = XCConfigurationList;
			buildConfigurations = (
				E7A752911DE263BE008C5BD2 /* Debug */,
				E7A752921DE263BE008C5BD2 /* Release */,
			);
			defaultConfigurationIsVisible = 0;
		};
/* End XCConfigurationList section */
	};
	rootObject = E7A7525A1DE263BE008C5BD2 /* Project object */;
}
